
Microsoft Visual Studio Solution File, Format Version 12.00
# Visual Studio Version 16
VisualStudioVersion = 16.0.31424.327
MinimumVisualStudioVersion = 10.0.40219.1
Project("{9A19103F-16F7-4668-BE54-9A1E7A4F7556}") = "MergeSort", "MergeSort\MergeSort.csproj", "{5DC15F1C-202D-4C70-A88A-9C4D7D034E85}"
EndProject
Project("{9A19103F-16F7-4668-BE54-9A1E7A4F7556}") = "InsertionSort", "InsertionSort\InsertionSort.csproj", "{3684B320-F0FC-4BA6-89D5-09574F9F7E65}"
EndProject
Project("{9A19103F-16F7-4668-BE54-9A1E7A4F7556}") = "QuickSort", "QuickSort\QuickSort.csproj", "{8DE5DA79-9B28-4460-9767-2F8C12D0F5D9}"
EndProject
Project("{FAE04EC0-301F-11D3-BF4B-00C04F79EFBC}") = "InsertionSortLinkedList", "InsertionSortLinkedList\InsertionSortLinkedList.csproj", "{1077829D-E2DE-41A4-A362-A473BE7B5B2E}"
EndProject
Global
	GlobalSection(SolutionConfigurationPlatforms) = preSolution
		Debug|Any CPU = Debug|Any CPU
		Release|Any CPU = Release|Any CPU
	EndGlobalSection
	GlobalSection(ProjectConfigurationPlatforms) = postSolution
		{5DC15F1C-202D-4C70-A88A-9C4D7D034E85}.Debug|Any CPU.ActiveCfg = Debug|Any CPU
		{5DC15F1C-202D-4C70-A88A-9C4D7D034E85}.Debug|Any CPU.Build.0 = Debug|Any CPU
		{5DC15F1C-202D-4C70-A88A-9C4D7D034E85}.Release|Any CPU.ActiveCfg = Release|Any CPU
		{5DC15F1C-202D-4C70-A88A-9C4D7D034E85}.Release|Any CPU.Build.0 = Release|Any CPU
		{3684B320-F0FC-4BA6-89D5-09574F9F7E65}.Debug|Any CPU.ActiveCfg = Debug|Any CPU
		{3684B320-F0FC-4BA6-89D5-09574F9F7E65}.Debug|Any CPU.Build.0 = Debug|Any CPU
		{3684B320-F0FC-4BA6-89D5-09574F9F7E65}.Release|Any CPU.ActiveCfg = Release|Any CPU
		{3684B320-F0FC-4BA6-89D5-09574F9F7E65}.Release|Any CPU.Build.0 = Release|Any CPU
		{8DE5DA79-9B28-4460-9767-2F8C12D0F5D9}.Debug|Any CPU.ActiveCfg = Debug|Any CPU
		{8DE5DA79-9B28-4460-9767-2F8C12D0F5D9}.Debug|Any CPU.Build.0 = Debug|Any CPU
		{8DE5DA79-9B28-4460-9767-2F8C12D0F5D9}.Release|Any CPU.ActiveCfg = Release|Any CPU
		{8DE5DA79-9B28-4460-9767-2F8C12D0F5D9}.Release|Any CPU.Build.0 = Release|Any CPU
		{1077829D-E2DE-41A4-A362-A473BE7B5B2E}.Debug|Any CPU.ActiveCfg = Debug|Any CPU
		{1077829D-E2DE-41A4-A362-A473BE7B5B2E}.Debug|Any CPU.Build.0 = Debug|Any CPU
		{1077829D-E2DE-41A4-A362-A473BE7B5B2E}.Release|Any CPU.ActiveCfg = Release|Any CPU
		{1077829D-E2DE-41A4-A362-A473BE7B5B2E}.Release|Any CPU.Build.0 = Release|Any CPU
	EndGlobalSection
	GlobalSection(SolutionProperties) = preSolution
		HideSolutionNode = FALSE
	EndGlobalSection
	GlobalSection(ExtensibilityGlobals) = postSolution
		SolutionGuid = {12D19849-8AAB-4800-8358-FA3EA751F3C8}
	EndGlobalSection
EndGlobal
